// !$*UTF8*$!
{
	archiveVersion = 1;
	classes = {
	};
	objectVersion = 56;
	objects = {

/* Begin PBXBuildFile section */
		16A08B1A2A88FC00007016D6 /* RealTimeGreetingsApp.swift in Sources */ = {isa = PBXBuildFile; fileRef = 16A08B192A88FC00007016D6 /* RealTimeGreetingsApp.swift */; };
		16A08B1C2A88FC00007016D6 /* ContentView.swift in Sources */ = {isa = PBXBuildFile; fileRef = 16A08B1B2A88FC00007016D6 /* ContentView.swift */; };
		16A08B1E2A88FC01007016D6 /* Assets.xcassets in Resources */ = {isa = PBXBuildFile; fileRef = 16A08B1D2A88FC01007016D6 /* Assets.xcassets */; };
		16A08B212A88FC01007016D6 /* Preview Assets.xcassets in Resources */ = {isa = PBXBuildFile; fileRef = 16A08B202A88FC01007016D6 /* Preview Assets.xcassets */; };
		16A08B2B2A88FC01007016D6 /* RealTimeGreetingsTests.swift in Sources */ = {isa = PBXBuildFile; fileRef = 16A08B2A2A88FC01007016D6 /* RealTimeGreetingsTests.swift */; };
		16A08B352A88FC01007016D6 /* RealTimeGreetingsUITests.swift in Sources */ = {isa = PBXBuildFile; fileRef = 16A08B342A88FC01007016D6 /* RealTimeGreetingsUITests.swift */; };
		16A08B372A88FC01007016D6 /* RealTimeGreetingsUITestsLaunchTests.swift in Sources */ = {isa = PBXBuildFile; fileRef = 16A08B362A88FC01007016D6 /* RealTimeGreetingsUITestsLaunchTests.swift */; };
/* End PBXBuildFile section */

/* Begin PBXContainerItemProxy section */
		16A08B272A88FC01007016D6 /* PBXContainerItemProxy */ = {
			isa = PBXContainerItemProxy;
			containerPortal = 16A08B0E2A88FC00007016D6 /* Project object */;
			proxyType = 1;
			remoteGlobalIDString = 16A08B152A88FC00007016D6;
			remoteInfo = RealTimeGreetings;
		};
		16A08B312A88FC01007016D6 /* PBXContainerItemProxy */ = {
			isa = PBXContainerItemProxy;
			containerPortal = 16A08B0E2A88FC00007016D6 /* Project object */;
			proxyType = 1;
			remoteGlobalIDString = 16A08B152A88FC00007016D6;
			remoteInfo = RealTimeGreetings;
		};
/* End PBXContainerItemProxy section */

/* Begin PBXFileReference section */
		16A08B162A88FC00007016D6 /* RealTimeGreetings.app */ = {isa = PBXFileReference; explicitFileType = wrapper.application; includeInIndex = 0; path = RealTimeGreetings.app; sourceTree = BUILT_PRODUCTS_DIR; };
		16A08B192A88FC00007016D6 /* RealTimeGreetingsApp.swift */ = {isa = PBXFileReference; lastKnownFileType = sourcecode.swift; path = RealTimeGreetingsApp.swift; sourceTree = "<group>"; };
		16A08B1B2A88FC00007016D6 /* ContentView.swift */ = {isa = PBXFileReference; lastKnownFileType = sourcecode.swift; path = ContentView.swift; sourceTree = "<group>"; };
		16A08B1D2A88FC01007016D6 /* Assets.xcassets */ = {isa = PBXFileReference; lastKnownFileType = folder.assetcatalog; path = Assets.xcassets; sourceTree = "<group>"; };
		16A08B202A88FC01007016D6 /* Preview Assets.xcassets */ = {isa = PBXFileReference; lastKnownFileType = folder.assetcatalog; path = "Preview Assets.xcassets"; sourceTree = "<group>"; };
		16A08B262A88FC01007016D6 /* RealTimeGreetingsTests.xctest */ = {isa = PBXFileReference; explicitFileType = wrapper.cfbundle; includeInIndex = 0; path = RealTimeGreetingsTests.xctest; sourceTree = BUILT_PRODUCTS_DIR; };
		16A08B2A2A88FC01007016D6 /* RealTimeGreetingsTests.swift */ = {isa = PBXFileReference; lastKnownFileType = sourcecode.swift; path = RealTimeGreetingsTests.swift; sourceTree = "<group>"; };
		16A08B302A88FC01007016D6 /* RealTimeGreetingsUITests.xctest */ = {isa = PBXFileReference; explicitFileType = wrapper.cfbundle; includeInIndex = 0; path = RealTimeGreetingsUITests.xctest; sourceTree = BUILT_PRODUCTS_DIR; };
		16A08B342A88FC01007016D6 /* RealTimeGreetingsUITests.swift */ = {isa = PBXFileReference; lastKnownFileType = sourcecode.swift; path = RealTimeGreetingsUITests.swift; sourceTree = "<group>"; };
		16A08B362A88FC01007016D6 /* RealTimeGreetingsUITestsLaunchTests.swift */ = {isa = PBXFileReference; lastKnownFileType = sourcecode.swift; path = RealTimeGreetingsUITestsLaunchTests.swift; sourceTree = "<group>"; };
/* End PBXFileReference section */

/* Begin PBXFrameworksBuildPhase section */
		16A08B132A88FC00007016D6 /* Frameworks */ = {
			isa = PBXFrameworksBuildPhase;
			buildActionMask = 2147483647;
			files = (
			);
			runOnlyForDeploymentPostprocessing = 0;
		};
		16A08B232A88FC01007016D6 /* Frameworks */ = {
			isa = PBXFrameworksBuildPhase;
			buildActionMask = 2147483647;
			files = (
			);
			runOnlyForDeploymentPostprocessing = 0;
		};
		16A08B2D2A88FC01007016D6 /* Frameworks */ = {
			isa = PBXFrameworksBuildPhase;
			buildActionMask = 2147483647;
			files = (
			);
			runOnlyForDeploymentPostprocessing = 0;
		};
/* End PBXFrameworksBuildPhase section */

/* Begin PBXGroup section */
		16A08B0D2A88FC00007016D6 = {
			isa = PBXGroup;
			children = (
				16A08B182A88FC00007016D6 /* RealTimeGreetings */,
				16A08B292A88FC01007016D6 /* RealTimeGreetingsTests */,
				16A08B332A88FC01007016D6 /* RealTimeGreetingsUITests */,
				16A08B172A88FC00007016D6 /* Products */,
			);
			sourceTree = "<group>";
		};
		16A08B172A88FC00007016D6 /* Products */ = {
			isa = PBXGroup;
			children = (
				16A08B162A88FC00007016D6 /* RealTimeGreetings.app */,
				16A08B262A88FC01007016D6 /* RealTimeGreetingsTests.xctest */,
				16A08B302A88FC01007016D6 /* RealTimeGreetingsUITests.xctest */,
			);
			name = Products;
			sourceTree = "<group>";
		};
		16A08B182A88FC00007016D6 /* RealTimeGreetings */ = {
			isa = PBXGroup;
			children = (
				16A08B192A88FC00007016D6 /* RealTimeGreetingsApp.swift */,
				16A08B1B2A88FC00007016D6 /* ContentView.swift */,
				16A08B1D2A88FC01007016D6 /* Assets.xcassets */,
				16A08B1F2A88FC01007016D6 /* Preview Content */,
			);
			path = RealTimeGreetings;
			sourceTree = "<group>";
		};
		16A08B1F2A88FC01007016D6 /* Preview Content */ = {
			isa = PBXGroup;
			children = (
				16A08B202A88FC01007016D6 /* Preview Assets.xcassets */,
			);
			path = "Preview Content";
			sourceTree = "<group>";
		};
		16A08B292A88FC01007016D6 /* RealTimeGreetingsTests */ = {
			isa = PBXGroup;
			children = (
				16A08B2A2A88FC01007016D6 /* RealTimeGreetingsTests.swift */,
			);
			path = RealTimeGreetingsTests;
			sourceTree = "<group>";
		};
		16A08B332A88FC01007016D6 /* RealTimeGreetingsUITests */ = {
			isa = PBXGroup;
			children = (
				16A08B342A88FC01007016D6 /* RealTimeGreetingsUITests.swift */,
				16A08B362A88FC01007016D6 /* RealTimeGreetingsUITestsLaunchTests.swift */,
			);
			path = RealTimeGreetingsUITests;
			sourceTree = "<group>";
		};
/* End PBXGroup section */

/* Begin PBXNativeTarget section */
		16A08B152A88FC00007016D6 /* RealTimeGreetings */ = {
			isa = PBXNativeTarget;
			buildConfigurationList = 16A08B3A2A88FC01007016D6 /* Build configuration list for PBXNativeTarget "RealTimeGreetings" */;
			buildPhases = (
				16A08B122A88FC00007016D6 /* Sources */,
				16A08B132A88FC00007016D6 /* Frameworks */,
				16A08B142A88FC00007016D6 /* Resources */,
			);
			buildRules = (
			);
			dependencies = (
			);
			name = RealTimeGreetings;
			productName = RealTimeGreetings;
			productReference = 16A08B162A88FC00007016D6 /* RealTimeGreetings.app */;
			productType = "com.apple.product-type.application";
		};
		16A08B252A88FC01007016D6 /* RealTimeGreetingsTests */ = {
			isa = PBXNativeTarget;
			buildConfigurationList = 16A08B3D2A88FC01007016D6 /* Build configuration list for PBXNativeTarget "RealTimeGreetingsTests" */;
			buildPhases = (
				16A08B222A88FC01007016D6 /* Sources */,
				16A08B232A88FC01007016D6 /* Frameworks */,
				16A08B242A88FC01007016D6 /* Resources */,
			);
			buildRules = (
			);
			dependencies = (
				16A08B282A88FC01007016D6 /* PBXTargetDependency */,
			);
			name = RealTimeGreetingsTests;
			productName = RealTimeGreetingsTests;
			productReference = 16A08B262A88FC01007016D6 /* RealTimeGreetingsTests.xctest */;
			productType = "com.apple.product-type.bundle.unit-test";
		};
		16A08B2F2A88FC01007016D6 /* RealTimeGreetingsUITests */ = {
			isa = PBXNativeTarget;
			buildConfigurationList = 16A08B402A88FC01007016D6 /* Build configuration list for PBXNativeTarget "RealTimeGreetingsUITests" */;
			buildPhases = (
				16A08B2C2A88FC01007016D6 /* Sources */,
				16A08B2D2A88FC01007016D6 /* Frameworks */,
				16A08B2E2A88FC01007016D6 /* Resources */,
			);
			buildRules = (
			);
			dependencies = (
				16A08B322A88FC01007016D6 /* PBXTargetDependency */,
			);
			name = RealTimeGreetingsUITests;
			productName = RealTimeGreetingsUITests;
			productReference = 16A08B302A88FC01007016D6 /* RealTimeGreetingsUITests.xctest */;
			productType = "com.apple.product-type.bundle.ui-testing";
		};
/* End PBXNativeTarget section */

/* Begin PBXProject section */
		16A08B0E2A88FC00007016D6 /* Project object */ = {
			isa = PBXProject;
			attributes = {
				BuildIndependentTargetsInParallel = 1;
				LastSwiftUpdateCheck = 1430;
				LastUpgradeCheck = 1430;
				TargetAttributes = {
					16A08B152A88FC00007016D6 = {
						CreatedOnToolsVersion = 14.3;
					};
					16A08B252A88FC01007016D6 = {
						CreatedOnToolsVersion = 14.3;
						TestTargetID = 16A08B152A88FC00007016D6;
					};
					16A08B2F2A88FC01007016D6 = {
						CreatedOnToolsVersion = 14.3;
						TestTargetID = 16A08B152A88FC00007016D6;
					};
				};
			};
			buildConfigurationList = 16A08B112A88FC00007016D6 /* Build configuration list for PBXProject "RealTimeGreetings" */;
			compatibilityVersion = "Xcode 14.0";
			developmentRegion = en;
			hasScannedForEncodings = 0;
			knownRegions = (
				en,
				Base,
			);
			mainGroup = 16A08B0D2A88FC00007016D6;
			productRefGroup = 16A08B172A88FC00007016D6 /* Products */;
			projectDirPath = "";
			projectRoot = "";
			targets = (
				16A08B152A88FC00007016D6 /* RealTimeGreetings */,
				16A08B252A88FC01007016D6 /* RealTimeGreetingsTests */,
				16A08B2F2A88FC01007016D6 /* RealTimeGreetingsUITests */,
			);
		};
/* End PBXProject section */

/* Begin PBXResourcesBuildPhase section */
		16A08B142A88FC00007016D6 /* Resources */ = {
			isa = PBXResourcesBuildPhase;
			buildActionMask = 2147483647;
			files = (
				16A08B212A88FC01007016D6 /* Preview Assets.xcassets in Resources */,
				16A08B1E2A88FC01007016D6 /* Assets.xcassets in Resources */,
			);
			runOnlyForDeploymentPostprocessing = 0;
		};
		16A08B242A88FC01007016D6 /* Resources */ = {
			isa = PBXResourcesBuildPhase;
			buildActionMask = 2147483647;
			files = (
			);
			runOnlyForDeploymentPostprocessing = 0;
		};
		16A08B2E2A88FC01007016D6 /* Resources */ = {
			isa = PBXResourcesBuildPhase;
			buildActionMask = 2147483647;
			files = (
			);
			runOnlyForDeploymentPostprocessing = 0;
		};
/* End PBXResourcesBuildPhase section */

/* Begin PBXSourcesBuildPhase section */
		16A08B122A88FC00007016D6 /* Sources */ = {
			isa = PBXSourcesBuildPhase;
			buildActionMask = 2147483647;
			files = (
				16A08B1C2A88FC00007016D6 /* ContentView.swift in Sources */,
				16A08B1A2A88FC00007016D6 /* RealTimeGreetingsApp.swift in Sources */,
			);
			runOnlyForDeploymentPostprocessing = 0;
		};
		16A08B222A88FC01007016D6 /* Sources */ = {
			isa = PBXSourcesBuildPhase;
			buildActionMask = 2147483647;
			files = (
				16A08B2B2A88FC01007016D6 /* RealTimeGreetingsTests.swift in Sources */,
			);
			runOnlyForDeploymentPostprocessing = 0;
		};
		16A08B2C2A88FC01007016D6 /* Sources */ = {
			isa = PBXSourcesBuildPhase;
			buildActionMask = 2147483647;
			files = (
				16A08B372A88FC01007016D6 /* RealTimeGreetingsUITestsLaunchTests.swift in Sources */,
				16A08B352A88FC01007016D6 /* RealTimeGreetingsUITests.swift in Sources */,
			);
			runOnlyForDeploymentPostprocessing = 0;
		};
/* End PBXSourcesBuildPhase section */

/* Begin PBXTargetDependency section */
		16A08B282A88FC01007016D6 /* PBXTargetDependency */ = {
			isa = PBXTargetDependency;
			target = 16A08B152A88FC00007016D6 /* RealTimeGreetings */;
			targetProxy = 16A08B272A88FC01007016D6 /* PBXContainerItemProxy */;
		};
		16A08B322A88FC01007016D6 /* PBXTargetDependency */ = {
			isa = PBXTargetDependency;
			target = 16A08B152A88FC00007016D6 /* RealTimeGreetings */;
			targetProxy = 16A08B312A88FC01007016D6 /* PBXContainerItemProxy */;
		};
/* End PBXTargetDependency section */

/* Begin XCBuildConfiguration section */
		16A08B382A88FC01007016D6 /* Debug */ = {
			isa = XCBuildConfiguration;
			buildSettings = {
				ALWAYS_SEARCH_USER_PATHS = NO;
				CLANG_ANALYZER_NONNULL = YES;
				CLANG_ANALYZER_NUMBER_OBJECT_CONVERSION = YES_AGGRESSIVE;
				CLANG_CXX_LANGUAGE_STANDARD = "gnu++20";
				CLANG_ENABLE_MODULES = YES;
				CLANG_ENABLE_OBJC_ARC = YES;
				CLANG_ENABLE_OBJC_WEAK = YES;
				CLANG_WARN_BLOCK_CAPTURE_AUTORELEASING = YES;
				CLANG_WARN_BOOL_CONVERSION = YES;
				CLANG_WARN_COMMA = YES;
				CLANG_WARN_CONSTANT_CONVERSION = YES;
				CLANG_WARN_DEPRECATED_OBJC_IMPLEMENTATIONS = YES;
				CLANG_WARN_DIRECT_OBJC_ISA_USAGE = YES_ERROR;
				CLANG_WARN_DOCUMENTATION_COMMENTS = YES;
				CLANG_WARN_EMPTY_BODY = YES;
				CLANG_WARN_ENUM_CONVERSION = YES;
				CLANG_WARN_INFINITE_RECURSION = YES;
				CLANG_WARN_INT_CONVERSION = YES;
				CLANG_WARN_NON_LITERAL_NULL_CONVERSION = YES;
				CLANG_WARN_OBJC_IMPLICIT_RETAIN_SELF = YES;
				CLANG_WARN_OBJC_LITERAL_CONVERSION = YES;
				CLANG_WARN_OBJC_ROOT_CLASS = YES_ERROR;
				CLANG_WARN_QUOTED_INCLUDE_IN_FRAMEWORK_HEADER = YES;
				CLANG_WARN_RANGE_LOOP_ANALYSIS = YES;
				CLANG_WARN_STRICT_PROTOTYPES = YES;
				CLANG_WARN_SUSPICIOUS_MOVE = YES;
				CLANG_WARN_UNGUARDED_AVAILABILITY = YES_AGGRESSIVE;
				CLANG_WARN_UNREACHABLE_CODE = YES;
				CLANG_WARN__DUPLICATE_METHOD_MATCH = YES;
				COPY_PHASE_STRIP = NO;
				DEBUG_INFORMATION_FORMAT = dwarf;
				ENABLE_STRICT_OBJC_MSGSEND = YES;
				ENABLE_TESTABILITY = YES;
				GCC_C_LANGUAGE_STANDARD = gnu11;
				GCC_DYNAMIC_NO_PIC = NO;
				GCC_NO_COMMON_BLOCKS = YES;
				GCC_OPTIMIZATION_LEVEL = 0;
				GCC_PREPROCESSOR_DEFINITIONS = (
					"DEBUG=1",
					"$(inherited)",
				);
				GCC_WARN_64_TO_32_BIT_CONVERSION = YES;
				GCC_WARN_ABOUT_RETURN_TYPE = YES_ERROR;
				GCC_WARN_UNDECLARED_SELECTOR = YES;
				GCC_WARN_UNINITIALIZED_AUTOS = YES_AGGRESSIVE;
				GCC_WARN_UNUSED_FUNCTION = YES;
				GCC_WARN_UNUSED_VARIABLE = YES;
				IPHONEOS_DEPLOYMENT_TARGET = 16.4;
				MTL_ENABLE_DEBUG_INFO = INCLUDE_SOURCE;
				MTL_FAST_MATH = YES;
				ONLY_ACTIVE_ARCH = YES;
				SDKROOT = iphoneos;
				SWIFT_ACTIVE_COMPILATION_CONDITIONS = DEBUG;
				SWIFT_OPTIMIZATION_LEVEL = "-Onone";
			};
			name = Debug;
		};
		16A08B392A88FC01007016D6 /* Release */ = {
			isa = XCBuildConfiguration;
			buildSettings = {
				ALWAYS_SEARCH_USER_PATHS = NO;
				CLANG_ANALYZER_NONNULL = YES;
				CLANG_ANALYZER_NUMBER_OBJECT_CONVERSION = YES_AGGRESSIVE;
				CLANG_CXX_LANGUAGE_STANDARD = "gnu++20";
				CLANG_ENABLE_MODULES = YES;
				CLANG_ENABLE_OBJC_ARC = YES;
				CLANG_ENABLE_OBJC_WEAK = YES;
				CLANG_WARN_BLOCK_CAPTURE_AUTORELEASING = YES;
				CLANG_WARN_BOOL_CONVERSION = YES;
				CLANG_WARN_COMMA = YES;
				CLANG_WARN_CONSTANT_CONVERSION = YES;
				CLANG_WARN_DEPRECATED_OBJC_IMPLEMENTATIONS = YES;
				CLANG_WARN_DIRECT_OBJC_ISA_USAGE = YES_ERROR;
				CLANG_WARN_DOCUMENTATION_COMMENTS = YES;
				CLANG_WARN_EMPTY_BODY = YES;
				CLANG_WARN_ENUM_CONVERSION = YES;
				CLANG_WARN_INFINITE_RECURSION = YES;
				CLANG_WARN_INT_CONVERSION = YES;
				CLANG_WARN_NON_LITERAL_NULL_CONVERSION = YES;
				CLANG_WARN_OBJC_IMPLICIT_RETAIN_SELF = YES;
				CLANG_WARN_OBJC_LITERAL_CONVERSION = YES;
				CLANG_WARN_OBJC_ROOT_CLASS = YES_ERROR;
				CLANG_WARN_QUOTED_INCLUDE_IN_FRAMEWORK_HEADER = YES;
				CLANG_WARN_RANGE_LOOP_ANALYSIS = YES;
				CLANG_WARN_STRICT_PROTOTYPES = YES;
				CLANG_WARN_SUSPICIOUS_MOVE = YES;
				CLANG_WARN_UNGUARDED_AVAILABILITY = YES_AGGRESSIVE;
				CLANG_WARN_UNREACHABLE_CODE = YES;
				CLANG_WARN__DUPLICATE_METHOD_MATCH = YES;
				COPY_PHASE_STRIP = NO;
				DEBUG_INFORMATION_FORMAT = "dwarf-with-dsym";
				ENABLE_NS_ASSERTIONS = NO;
				ENABLE_STRICT_OBJC_MSGSEND = YES;
				GCC_C_LANGUAGE_STANDARD = gnu11;
				GCC_NO_COMMON_BLOCKS = YES;
				GCC_WARN_64_TO_32_BIT_CONVERSION = YES;
				GCC_WARN_ABOUT_RETURN_TYPE = YES_ERROR;
				GCC_WARN_UNDECLARED_SELECTOR = YES;
				GCC_WARN_UNINITIALIZED_AUTOS = YES_AGGRESSIVE;
				GCC_WARN_UNUSED_FUNCTION = YES;
				GCC_WARN_UNUSED_VARIABLE = YES;
				IPHONEOS_DEPLOYMENT_TARGET = 16.4;
				MTL_ENABLE_DEBUG_INFO = NO;
				MTL_FAST_MATH = YES;
				SDKROOT = iphoneos;
				SWIFT_COMPILATION_MODE = wholemodule;
				SWIFT_OPTIMIZATION_LEVEL = "-O";
				VALIDATE_PRODUCT = YES;
			};
			name = Release;
		};
		16A08B3B2A88FC01007016D6 /* Debug */ = {
			isa = XCBuildConfiguration;
			buildSettings = {
				ASSETCATALOG_COMPILER_APPICON_NAME = AppIcon;
				ASSETCATALOG_COMPILER_GLOBAL_ACCENT_COLOR_NAME = AccentColor;
				CODE_SIGN_STYLE = Automatic;
				CURRENT_PROJECT_VERSION = 1;
				DEVELOPMENT_ASSET_PATHS = "\"RealTimeGreetings/Preview Content\"";
				DEVELOPMENT_TEAM = 3RH672H945;
				ENABLE_PREVIEWS = YES;
				GENERATE_INFOPLIST_FILE = YES;
				INFOPLIST_KEY_UIApplicationSceneManifest_Generation = YES;
				INFOPLIST_KEY_UIApplicationSupportsIndirectInputEvents = YES;
				INFOPLIST_KEY_UILaunchScreen_Generation = YES;
				INFOPLIST_KEY_UISupportedInterfaceOrientations_iPad = "UIInterfaceOrientationPortrait UIInterfaceOrientationPortraitUpsideDown UIInterfaceOrientationLandscapeLeft UIInterfaceOrientationLandscapeRight";
				INFOPLIST_KEY_UISupportedInterfaceOrientations_iPhone = "UIInterfaceOrientationPortrait UIInterfaceOrientationLandscapeLeft UIInterfaceOrientationLandscapeRight";
				LD_RUNPATH_SEARCH_PATHS = (
					"$(inherited)",
					"@executable_path/Frameworks",
				);
				MARKETING_VERSION = 1.0;
				PRODUCT_BUNDLE_IDENTIFIER = nayah.RealTimeGreetings;
				PRODUCT_NAME = "$(TARGET_NAME)";
				SWIFT_EMIT_LOC_STRINGS = YES;
				SWIFT_VERSION = 5.0;
				TARGETED_DEVICE_FAMILY = "1,2";
			};
			name = Debug;
		};
		16A08B3C2A88FC01007016D6 /* Release */ = {
			isa = XCBuildConfiguration;
			buildSettings = {
				ASSETCATALOG_COMPILER_APPICON_NAME = AppIcon;
				ASSETCATALOG_COMPILER_GLOBAL_ACCENT_COLOR_NAME = AccentColor;
				CODE_SIGN_STYLE = Automatic;
				CURRENT_PROJECT_VERSION = 1;
				DEVELOPMENT_ASSET_PATHS = "\"RealTimeGreetings/Preview Content\"";
				DEVELOPMENT_TEAM = 3RH672H945;
				ENABLE_PREVIEWS = YES;
				GENERATE_INFOPLIST_FILE = YES;
				INFOPLIST_KEY_UIApplicationSceneManifest_Generation = YES;
				INFOPLIST_KEY_UIApplicationSupportsIndirectInputEvents = YES;
				INFOPLIST_KEY_UILaunchScreen_Generation = YES;
				INFOPLIST_KEY_UISupportedInterfaceOrientations_iPad = "UIInterfaceOrientationPortrait UIInterfaceOrientationPortraitUpsideDown UIInterfaceOrientationLandscapeLeft UIInterfaceOrientationLandscapeRight";
				INFOPLIST_KEY_UISupportedInterfaceOrientations_iPhone = "UIInterfaceOrientationPortrait UIInterfaceOrientationLandscapeLeft UIInterfaceOrientationLandscapeRight";
				LD_RUNPATH_SEARCH_PATHS = (
					"$(inherited)",
					"@executable_path/Frameworks",
				);
				MARKETING_VERSION = 1.0;
				PRODUCT_BUNDLE_IDENTIFIER = nayah.RealTimeGreetings;
				PRODUCT_NAME = "$(TARGET_NAME)";
				SWIFT_EMIT_LOC_STRINGS = YES;
				SWIFT_VERSION = 5.0;
				TARGETED_DEVICE_FAMILY = "1,2";
			};
			name = Release;
		};
		16A08B3E2A88FC01007016D6 /* Debug */ = {
			isa = XCBuildConfiguration;
			buildSettings = {
				ALWAYS_EMBED_SWIFT_STANDARD_LIBRARIES = YES;
				BUNDLE_LOADER = "$(TEST_HOST)";
				CODE_SIGN_STYLE = Automatic;
				CURRENT_PROJECT_VERSION = 1;
				DEVELOPMENT_TEAM = 3RH672H945;
				GENERATE_INFOPLIST_FILE = YES;
				IPHONEOS_DEPLOYMENT_TARGET = 16.4;
				MARKETING_VERSION = 1.0;
				PRODUCT_BUNDLE_IDENTIFIER = nayah.RealTimeGreetingsTests;
				PRODUCT_NAME = "$(TARGET_NAME)";
				SWIFT_EMIT_LOC_STRINGS = NO;
				SWIFT_VERSION = 5.0;
				TARGETED_DEVICE_FAMILY = "1,2";
				TEST_HOST = "$(BUILT_PRODUCTS_DIR)/RealTimeGreetings.app/$(BUNDLE_EXECUTABLE_FOLDER_PATH)/RealTimeGreetings";
			};
			name = Debug;
		};
		16A08B3F2A88FC01007016D6 /* Release */ = {
			isa = XCBuildConfiguration;
			buildSettings = {
				ALWAYS_EMBED_SWIFT_STANDARD_LIBRARIES = YES;
				BUNDLE_LOADER = "$(TEST_HOST)";
				CODE_SIGN_STYLE = Automatic;
				CURRENT_PROJECT_VERSION = 1;
				DEVELOPMENT_TEAM = 3RH672H945;
				GENERATE_INFOPLIST_FILE = YES;
				IPHONEOS_DEPLOYMENT_TARGET = 16.4;
				MARKETING_VERSION = 1.0;
				PRODUCT_BUNDLE_IDENTIFIER = nayah.RealTimeGreetingsTests;
				PRODUCT_NAME = "$(TARGET_NAME)";
				SWIFT_EMIT_LOC_STRINGS = NO;
				SWIFT_VERSION = 5.0;
				TARGETED_DEVICE_FAMILY = "1,2";
				TEST_HOST = "$(BUILT_PRODUCTS_DIR)/RealTimeGreetings.app/$(BUNDLE_EXECUTABLE_FOLDER_PATH)/RealTimeGreetings";
			};
			name = Release;
		};
		16A08B412A88FC01007016D6 /* Debug */ = {
			isa = XCBuildConfiguration;
			buildSettings = {
				ALWAYS_EMBED_SWIFT_STANDARD_LIBRARIES = YES;
				CODE_SIGN_STYLE = Automatic;
				CURRENT_PROJECT_VERSION = 1;
				DEVELOPMENT_TEAM = 3RH672H945;
				GENERATE_INFOPLIST_FILE = YES;
				MARKETING_VERSION = 1.0;
				PRODUCT_BUNDLE_IDENTIFIER = nayah.RealTimeGreetingsUITests;
				PRODUCT_NAME = "$(TARGET_NAME)";
				SWIFT_EMIT_LOC_STRINGS = NO;
				SWIFT_VERSION = 5.0;
				TARGETED_DEVICE_FAMILY = "1,2";
				TEST_TARGET_NAME = RealTimeGreetings;
			};
			name = Debug;
		};
		16A08B422A88FC01007016D6 /* Release */ = {
			isa = XCBuildConfiguration;
			buildSettings = {
				ALWAYS_EMBED_SWIFT_STANDARD_LIBRARIES = YES;
				CODE_SIGN_STYLE = Automatic;
				CURRENT_PROJECT_VERSION = 1;
				DEVELOPMENT_TEAM = 3RH672H945;
				GENERATE_INFOPLIST_FILE = YES;
				MARKETING_VERSION = 1.0;
				PRODUCT_BUNDLE_IDENTIFIER = nayah.RealTimeGreetingsUITests;
				PRODUCT_NAME = "$(TARGET_NAME)";
				SWIFT_EMIT_LOC_STRINGS = NO;
				SWIFT_VERSION = 5.0;
				TARGETED_DEVICE_FAMILY = "1,2";
				TEST_TARGET_NAME = RealTimeGreetings;
			};
			name = Release;
		};
/* End XCBuildConfiguration section */

/* Begin XCConfigurationList section */
		16A08B112A88FC00007016D6 /* Build configuration list for PBXProject "RealTimeGreetings" */ = {
			isa = XCConfigurationList;
			buildConfigurations = (
				16A08B382A88FC01007016D6 /* Debug */,
				16A08B392A88FC01007016D6 /* Release */,
			);
			defaultConfigurationIsVisible = 0;
			defaultConfigurationName = Release;
		};
		16A08B3A2A88FC01007016D6 /* Build configuration list for PBXNativeTarget "RealTimeGreetings" */ = {
			isa = XCConfigurationList;
			buildConfigurations = (
				16A08B3B2A88FC01007016D6 /* Debug */,
				16A08B3C2A88FC01007016D6 /* Release */,
			);
			defaultConfigurationIsVisible = 0;
			defaultConfigurationName = Release;
		};
		16A08B3D2A88FC01007016D6 /* Build configuration list for PBXNativeTarget "RealTimeGreetingsTests" */ = {
			isa = XCConfigurationList;
			buildConfigurations = (
				16A08B3E2A88FC01007016D6 /* Debug */,
				16A08B3F2A88FC01007016D6 /* Release */,
			);
			defaultConfigurationIsVisible = 0;
			defaultConfigurationName = Release;
		};
		16A08B402A88FC01007016D6 /* Build configuration list for PBXNativeTarget "RealTimeGreetingsUITests" */ = {
			isa = XCConfigurationList;
			buildConfigurations = (
				16A08B412A88FC01007016D6 /* Debug */,
				16A08B422A88FC01007016D6 /* Release */,
			);
			defaultConfigurationIsVisible = 0;
			defaultConfigurationName = Release;
		};
/* End XCConfigurationList section */
	};
	rootObject = 16A08B0E2A88FC00007016D6 /* Project object */;
}
